// !$*UTF8*$!
{
	archiveVersion = 1;
	classes = {
	};
	objectVersion = 50;
	objects = {

/* Begin PBXBuildFile section */
		DD098BFE26DCF20E00016355 /* asdvasdApp.swift in Sources */ = {isa = PBXBuildFile; fileRef = DD098BFD26DCF20E00016355 /* asdvasdApp.swift */; };
		DD098C0026DCF20E00016355 /* ContentView.swift in Sources */ = {isa = PBXBuildFile; fileRef = DD098BFF26DCF20E00016355 /* ContentView.swift */; };
		DD098C0226DCF21600016355 /* Assets.xcassets in Resources */ = {isa = PBXBuildFile; fileRef = DD098C0126DCF21600016355 /* Assets.xcassets */; };
		DD098C0526DCF21600016355 /* Preview Assets.xcassets in Resources */ = {isa = PBXBuildFile; fileRef = DD098C0426DCF21600016355 /* Preview Assets.xcassets */; };
		DD098C0D26DCF26B00016355 /* Swift.gitignore in Resources */ = {isa = PBXBuildFile; fileRef = DD098C0C26DCF26B00016355 /* Swift.gitignore */; };
/* End PBXBuildFile section */

/* Begin PBXFileReference section */
		DD098BFA26DCF20E00016355 /* asdvasd.app */ = {isa = PBXFileReference; explicitFileType = wrapper.application; includeInIndex = 0; path = asdvasd.app; sourceTree = BUILT_PRODUCTS_DIR; };
		DD098BFD26DCF20E00016355 /* asdvasdApp.swift */ = {isa = PBXFileReference; lastKnownFileType = sourcecode.swift; path = asdvasdApp.swift; sourceTree = "<group>"; };
		DD098BFF26DCF20E00016355 /* ContentView.swift */ = {isa = PBXFileReference; lastKnownFileType = sourcecode.swift; path = ContentView.swift; sourceTree = "<group>"; };
		DD098C0126DCF21600016355 /* Assets.xcassets */ = {isa = PBXFileReference; lastKnownFileType = folder.assetcatalog; path = Assets.xcassets; sourceTree = "<group>"; };
		DD098C0426DCF21600016355 /* Preview Assets.xcassets */ = {isa = PBXFileReference; lastKnownFileType = folder.assetcatalog; path = "Preview Assets.xcassets"; sourceTree = "<group>"; };
		DD098C0626DCF21600016355 /* Info.plist */ = {isa = PBXFileReference; lastKnownFileType = text.plist.xml; path = Info.plist; sourceTree = "<group>"; };
		DD098C0C26DCF26B00016355 /* Swift.gitignore */ = {isa = PBXFileReference; lastKnownFileType = text; path = Swift.gitignore; sourceTree = "<group>"; };
/* End PBXFileReference section */

/* Begin PBXFrameworksBuildPhase section */
		DD098BF726DCF20E00016355 /* Frameworks */ = {
			isa = PBXFrameworksBuildPhase;
			buildActionMask = 2147483647;
			files = (
			);
			runOnlyForDeploymentPostprocessing = 0;
		};
/* End PBXFrameworksBuildPhase section */

/* Begin PBXGroup section */
		DD098BF126DCF20D00016355 = {
			isa = PBXGroup;
			children = (
				DD098BFC26DCF20E00016355 /* asdvasd */,
				DD098BFB26DCF20E00016355 /* Products */,
			);
			sourceTree = "<group>";
		};
		DD098BFB26DCF20E00016355 /* Products */ = {
			isa = PBXGroup;
			children = (
				DD098BFA26DCF20E00016355 /* asdvasd.app */,
			);
			name = Products;
			sourceTree = "<group>";
		};
		DD098BFC26DCF20E00016355 /* asdvasd */ = {
			isa = PBXGroup;
			children = (
				DD098BFD26DCF20E00016355 /* asdvasdApp.swift */,
				DD098BFF26DCF20E00016355 /* ContentView.swift */,
				DD098C0126DCF21600016355 /* Assets.xcassets */,
				DD098C0626DCF21600016355 /* Info.plist */,
				DD098C0326DCF21600016355 /* Preview Content */,
				DD098C0C26DCF26B00016355 /* Swift.gitignore */,
			);
			path = asdvasd;
			sourceTree = "<group>";
		};
		DD098C0326DCF21600016355 /* Preview Content */ = {
			isa = PBXGroup;
			children = (
				DD098C0426DCF21600016355 /* Preview Assets.xcassets */,
			);
			path = "Preview Content";
			sourceTree = "<group>";
		};
/* End PBXGroup section */

/* Begin PBXNativeTarget section */
		DD098BF926DCF20E00016355 /* asdvasd */ = {
			isa = PBXNativeTarget;
			buildConfigurationList = DD098C0926DCF21600016355 /* Build configuration list for PBXNativeTarget "asdvasd" */;
			buildPhases = (
				DD098BF626DCF20E00016355 /* Sources */,
				DD098BF726DCF20E00016355 /* Frameworks */,
				DD098BF826DCF20E00016355 /* Resources */,
			);
			buildRules = (
			);
			dependencies = (
			);
			name = asdvasd;
			productName = asdvasd;
			productReference = DD098BFA26DCF20E00016355 /* asdvasd.app */;
			productType = "com.apple.product-type.application";
		};
/* End PBXNativeTarget section */

/* Begin PBXProject section */
		DD098BF226DCF20D00016355 /* Project object */ = {
			isa = PBXProject;
			attributes = {
				LastSwiftUpdateCheck = 1250;
				LastUpgradeCheck = 1250;
				TargetAttributes = {
					DD098BF926DCF20E00016355 = {
						CreatedOnToolsVersion = 12.5;
					};
				};
			};
			buildConfigurationList = DD098BF526DCF20D00016355 /* Build configuration list for PBXProject "asdvasd" */;
			compatibilityVersion = "Xcode 9.3";
			developmentRegion = en;
			hasScannedForEncodings = 0;
			knownRegions = (
				en,
				Base,
			);
			mainGroup = DD098BF126DCF20D00016355;
			productRefGroup = DD098BFB26DCF20E00016355 /* Products */;
			projectDirPath = "";
			projectRoot = "";
			targets = (
				DD098BF926DCF20E00016355 /* asdvasd */,
			);
		};
/* End PBXProject section */

/* Begin PBXResourcesBuildPhase section */
		DD098BF826DCF20E00016355 /* Resources */ = {
			isa = PBXResourcesBuildPhase;
			buildActionMask = 2147483647;
			files = (
				DD098C0526DCF21600016355 /* Preview Assets.xcassets in Resources */,
				DD098C0226DCF21600016355 /* Assets.xcassets in Resources */,
				DD098C0D26DCF26B00016355 /* Swift.gitignore in Resources */,
			);
			runOnlyForDeploymentPostprocessing = 0;
		};
/* End PBXResourcesBuildPhase section */

/* Begin PBXSourcesBuildPhase section */
		DD098BF626DCF20E00016355 /* Sources */ = {
			isa = PBXSourcesBuildPhase;
			buildActionMask = 2147483647;
			files = (
				DD098C0026DCF20E00016355 /* ContentView.swift in Sources */,
				DD098BFE26DCF20E00016355 /* asdvasdApp.swift in Sources */,
			);
			runOnlyForDeploymentPostprocessing = 0;
		};
/* End PBXSourcesBuildPhase section */

/* Begin XCBuildConfiguration section */
		DD098C0726DCF21600016355 /* Debug */ = {
			isa = XCBuildConfiguration;
			buildSettings = {
				ALWAYS_SEARCH_USER_PATHS = NO;
				CLANG_ANALYZER_NONNULL = YES;
				CLANG_ANALYZER_NUMBER_OBJECT_CONVERSION = YES_AGGRESSIVE;
				CLANG_CXX_LANGUAGE_STANDARD = "gnu++14";
				CLANG_CXX_LIBRARY = "libc++";
				CLANG_ENABLE_MODULES = YES;
				CLANG_ENABLE_OBJC_ARC = YES;
				CLANG_ENABLE_OBJC_WEAK = YES;
				CLANG_WARN_BLOCK_CAPTURE_AUTORELEASING = YES;
				CLANG_WARN_BOOL_CONVERSION = YES;
				CLANG_WARN_COMMA = YES;
				CLANG_WARN_CONSTANT_CONVERSION = YES;
				CLANG_WARN_DEPRECATED_OBJC_IMPLEMENTATIONS = YES;
				CLANG_WARN_DIRECT_OBJC_ISA_USAGE = YES_ERROR;
				CLANG_WARN_DOCUMENTATION_COMMENTS = YES;
				CLANG_WARN_EMPTY_BODY = YES;
				CLANG_WARN_ENUM_CONVERSION = YES;
				CLANG_WARN_INFINITE_RECURSION = YES;
				CLANG_WARN_INT_CONVERSION = YES;
				CLANG_WARN_NON_LITERAL_NULL_CONVERSION = YES;
				CLANG_WARN_OBJC_IMPLICIT_RETAIN_SELF = YES;
				CLANG_WARN_OBJC_LITERAL_CONVERSION = YES;
				CLANG_WARN_OBJC_ROOT_CLASS = YES_ERROR;
				CLANG_WARN_QUOTED_INCLUDE_IN_FRAMEWORK_HEADER = YES;
				CLANG_WARN_RANGE_LOOP_ANALYSIS = YES;
				CLANG_WARN_STRICT_PROTOTYPES = YES;
				CLANG_WARN_SUSPICIOUS_MOVE = YES;
				CLANG_WARN_UNGUARDED_AVAILABILITY = YES_AGGRESSIVE;
				CLANG_WARN_UNREACHABLE_CODE = YES;
				CLANG_WARN__DUPLICATE_METHOD_MATCH = YES;
				COPY_PHASE_STRIP = NO;
				DEBUG_INFORMATION_FORMAT = dwarf;
				ENABLE_STRICT_OBJC_MSGSEND = YES;
				ENABLE_TESTABILITY = YES;
				GCC_C_LANGUAGE_STANDARD = gnu11;
				GCC_DYNAMIC_NO_PIC = NO;
				GCC_NO_COMMON_BLOCKS = YES;
				GCC_OPTIMIZATION_LEVEL = 0;
				GCC_PREPROCESSOR_DEFINITIONS = (
					"DEBUG=1",
					"$(inherited)",
				);
				GCC_WARN_64_TO_32_BIT_CONVERSION = YES;
				GCC_WARN_ABOUT_RETURN_TYPE = YES_ERROR;
				GCC_WARN_UNDECLARED_SELECTOR = YES;
				GCC_WARN_UNINITIALIZED_AUTOS = YES_AGGRESSIVE;
				GCC_WARN_UNUSED_FUNCTION = YES;
				GCC_WARN_UNUSED_VARIABLE = YES;
				IPHONEOS_DEPLOYMENT_TARGET = 14.5;
				MTL_ENABLE_DEBUG_INFO = INCLUDE_SOURCE;
				MTL_FAST_MATH = YES;
				ONLY_ACTIVE_ARCH = YES;
				SDKROOT = iphoneos;
				SWIFT_ACTIVE_COMPILATION_CONDITIONS = DEBUG;
				SWIFT_OPTIMIZATION_LEVEL = "-Onone";
			};
			name = Debug;
		};
		DD098C0826DCF21600016355 /* Release */ = {
			isa = XCBuildConfiguration;
			buildSettings = {
				ALWAYS_SEARCH_USER_PATHS = NO;
				CLANG_ANALYZER_NONNULL = YES;
				CLANG_ANALYZER_NUMBER_OBJECT_CONVERSION = YES_AGGRESSIVE;
				CLANG_CXX_LANGUAGE_STANDARD = "gnu++14";
				CLANG_CXX_LIBRARY = "libc++";
				CLANG_ENABLE_MODULES = YES;
				CLANG_ENABLE_OBJC_ARC = YES;
				CLANG_ENABLE_OBJC_WEAK = YES;
				CLANG_WARN_BLOCK_CAPTURE_AUTORELEASING = YES;
				CLANG_WARN_BOOL_CONVERSION = YES;
				CLANG_WARN_COMMA = YES;
				CLANG_WARN_CONSTANT_CONVERSION = YES;
				CLANG_WARN_DEPRECATED_OBJC_IMPLEMENTATIONS = YES;
				CLANG_WARN_DIRECT_OBJC_ISA_USAGE = YES_ERROR;
				CLANG_WARN_DOCUMENTATION_COMMENTS = YES;
				CLANG_WARN_EMPTY_BODY = YES;
				CLANG_WARN_ENUM_CONVERSION = YES;
				CLANG_WARN_INFINITE_RECURSION = YES;
				CLANG_WARN_INT_CONVERSION = YES;
				CLANG_WARN_NON_LITERAL_NULL_CONVERSION = YES;
				CLANG_WARN_OBJC_IMPLICIT_RETAIN_SELF = YES;
				CLANG_WARN_OBJC_LITERAL_CONVERSION = YES;
				CLANG_WARN_OBJC_ROOT_CLASS = YES_ERROR;
				CLANG_WARN_QUOTED_INCLUDE_IN_FRAMEWORK_HEADER = YES;
				CLANG_WARN_RANGE_LOOP_ANALYSIS = YES;
				CLANG_WARN_STRICT_PROTOTYPES = YES;
				CLANG_WARN_SUSPICIOUS_MOVE = YES;
				CLANG_WARN_UNGUARDED_AVAILABILITY = YES_AGGRESSIVE;
				CLANG_WARN_UNREACHABLE_CODE = YES;
				CLANG_WARN__DUPLICATE_METHOD_MATCH = YES;
				COPY_PHASE_STRIP = NO;
				DEBUG_INFORMATION_FORMAT = "dwarf-with-dsym";
				ENABLE_NS_ASSERTIONS = NO;
				ENABLE_STRICT_OBJC_MSGSEND = YES;
				GCC_C_LANGUAGE_STANDARD = gnu11;
				GCC_NO_COMMON_BLOCKS = YES;
				GCC_WARN_64_TO_32_BIT_CONVERSION = YES;
				GCC_WARN_ABOUT_RETURN_TYPE = YES_ERROR;
				GCC_WARN_UNDECLARED_SELECTOR = YES;
				GCC_WARN_UNINITIALIZED_AUTOS = YES_AGGRESSIVE;
				GCC_WARN_UNUSED_FUNCTION = YES;
				GCC_WARN_UNUSED_VARIABLE = YES;
				IPHONEOS_DEPLOYMENT_TARGET = 14.5;
				MTL_ENABLE_DEBUG_INFO = NO;
				MTL_FAST_MATH = YES;
				SDKROOT = iphoneos;
				SWIFT_COMPILATION_MODE = wholemodule;
				SWIFT_OPTIMIZATION_LEVEL = "-O";
				VALIDATE_PRODUCT = YES;
			};
			name = Release;
		};
		DD098C0A26DCF21600016355 /* Debug */ = {
			isa = XCBuildConfiguration;
			buildSettings = {
				ASSETCATALOG_COMPILER_APPICON_NAME = AppIcon;
				ASSETCATALOG_COMPILER_GLOBAL_ACCENT_COLOR_NAME = AccentColor;
				CODE_SIGN_STYLE = Automatic;
				DEVELOPMENT_ASSET_PATHS = "\"asdvasd/Preview Content\"";
				DEVELOPMENT_TEAM = VLV7GQ8747;
				ENABLE_PREVIEWS = YES;
				INFOPLIST_FILE = asdvasd/Info.plist;
				IPHONEOS_DEPLOYMENT_TARGET = 14.0;
				LD_RUNPATH_SEARCH_PATHS = (
					"$(inherited)",
					"@executable_path/Frameworks",
				);
				PRODUCT_BUNDLE_IDENTIFIER = sydykovislam.asdvasd;
				PRODUCT_NAME = "$(TARGET_NAME)";
				SWIFT_VERSION = 5.0;
				TARGETED_DEVICE_FAMILY = "1,2";
			};
			name = Debug;
		};
		DD098C0B26DCF21600016355 /* Release */ = {
			isa = XCBuildConfiguration;
			buildSettings = {
				ASSETCATALOG_COMPILER_APPICON_NAME = AppIcon;
				ASSETCATALOG_COMPILER_GLOBAL_ACCENT_COLOR_NAME = AccentColor;
				CODE_SIGN_STYLE = Automatic;
				DEVELOPMENT_ASSET_PATHS = "\"asdvasd/Preview Content\"";
				DEVELOPMENT_TEAM = VLV7GQ8747;
				ENABLE_PREVIEWS = YES;
				INFOPLIST_FILE = asdvasd/Info.plist;
				IPHONEOS_DEPLOYMENT_TARGET = 14.0;
				LD_RUNPATH_SEARCH_PATHS = (
					"$(inherited)",
					"@executable_path/Frameworks",
				);
				PRODUCT_BUNDLE_IDENTIFIER = sydykovislam.asdvasd;
				PRODUCT_NAME = "$(TARGET_NAME)";
				SWIFT_VERSION = 5.0;
				TARGETED_DEVICE_FAMILY = "1,2";
			};
			name = Release;
		};
/* End XCBuildConfiguration section */

/* Begin XCConfigurationList section */
		DD098BF526DCF20D00016355 /* Build configuration list for PBXProject "asdvasd" */ = {
			isa = XCConfigurationList;
			buildConfigurations = (
				DD098C0726DCF21600016355 /* Debug */,
				DD098C0826DCF21600016355 /* Release */,
			);
			defaultConfigurationIsVisible = 0;
			defaultConfigurationName = Release;
		};
		DD098C0926DCF21600016355 /* Build configuration list for PBXNativeTarget "asdvasd" */ = {
			isa = XCConfigurationList;
			buildConfigurations = (
				DD098C0A26DCF21600016355 /* Debug */,
				DD098C0B26DCF21600016355 /* Release */,
			);
			defaultConfigurationIsVisible = 0;
			defaultConfigurationName = Release;
		};
/* End XCConfigurationList section */
	};
	rootObject = DD098BF226DCF20D00016355 /* Project object */;
}
